
Microsoft Visual Studio Solution File, Format Version 12.00
# Visual Studio Version 17
VisualStudioVersion = 17.8.34525.116
MinimumVisualStudioVersion = 10.0.40219.1
Project("{FAE04EC0-301F-11D3-BF4B-00C04F79EFBC}") = "OPI_Lab1", "OPI_Lab1\OPI_Lab1.csproj", "{C5D85ACD-624B-4BDC-9341-C95136642271}"
EndProject
Project("{FAE04EC0-301F-11D3-BF4B-00C04F79EFBC}") = "Task2", "Task2\Task2.csproj", "{EAAAE6D6-DA69-4D73-8994-24ECBD1B80CC}"
EndProject
Global
	GlobalSection(SolutionConfigurationPlatforms) = preSolution
		Debug|Any CPU = Debug|Any CPU
		Release|Any CPU = Release|Any CPU
	EndGlobalSection
	GlobalSection(ProjectConfigurationPlatforms) = postSolution
		{C5D85ACD-624B-4BDC-9341-C95136642271}.Debug|Any CPU.ActiveCfg = Debug|Any CPU
		{C5D85ACD-624B-4BDC-9341-C95136642271}.Debug|Any CPU.Build.0 = Debug|Any CPU
		{C5D85ACD-624B-4BDC-9341-C95136642271}.Release|Any CPU.ActiveCfg = Release|Any CPU
		{C5D85ACD-624B-4BDC-9341-C95136642271}.Release|Any CPU.Build.0 = Release|Any CPU
		{EAAAE6D6-DA69-4D73-8994-24ECBD1B80CC}.Debug|Any CPU.ActiveCfg = Debug|Any CPU
		{EAAAE6D6-DA69-4D73-8994-24ECBD1B80CC}.Debug|Any CPU.Build.0 = Debug|Any CPU
		{EAAAE6D6-DA69-4D73-8994-24ECBD1B80CC}.Release|Any CPU.ActiveCfg = Release|Any CPU
		{EAAAE6D6-DA69-4D73-8994-24ECBD1B80CC}.Release|Any CPU.Build.0 = Release|Any CPU
	EndGlobalSection
	GlobalSection(SolutionProperties) = preSolution
		HideSolutionNode = FALSE
	EndGlobalSection
	GlobalSection(ExtensibilityGlobals) = postSolution
		SolutionGuid = {6A77A9EA-D458-4451-9FE3-3ACDD56E3F32}
	EndGlobalSection
EndGlobal
